
Microsoft Visual Studio Solution File, Format Version 12.00
# Visual Studio Version 17
VisualStudioVersion = 17.5.002.0
MinimumVisualStudioVersion = 10.0.40219.1
Project("{9A19103F-16F7-4668-BE54-9A1E7A4F7556}") = "ABikeAPI", "ABikeAPI\ABikeAPI.csproj", "{FE23D0FE-DF41-4556-94CA-B727357B7E7A}"
EndProject
Global
	GlobalSection(SolutionConfigurationPlatforms) = preSolution
		Debug|Any CPU = Debug|Any CPU
		Release|Any CPU = Release|Any CPU
	EndGlobalSection
	GlobalSection(ProjectConfigurationPlatforms) = postSolution
		{FE23D0FE-DF41-4556-94CA-B727357B7E7A}.Debug|Any CPU.ActiveCfg = Debug|Any CPU
		{FE23D0FE-DF41-4556-94CA-B727357B7E7A}.Debug|Any CPU.Build.0 = Debug|Any CPU
		{FE23D0FE-DF41-4556-94CA-B727357B7E7A}.Release|Any CPU.ActiveCfg = Release|Any CPU
		{FE23D0FE-DF41-4556-94CA-B727357B7E7A}.Release|Any CPU.Build.0 = Release|Any CPU
	EndGlobalSection
	GlobalSection(SolutionProperties) = preSolution
		HideSolutionNode = FALSE
	EndGlobalSection
	GlobalSection(ExtensibilityGlobals) = postSolution
		SolutionGuid = {A379B492-D1C6-437D-8063-4931483680B0}
	EndGlobalSection
EndGlobal
